
Microsoft Visual Studio Solution File, Format Version 12.00
# Visual Studio Version 17
VisualStudioVersion = 17.1.32407.343
MinimumVisualStudioVersion = 10.0.40219.1
Project("{FAE04EC0-301F-11D3-BF4B-00C04F79EFBC}") = "Harjoitus 2", "Harjoitus 2\Harjoitus 2.csproj", "{DEA1C971-C54A-4E8D-897E-A462929D6232}"
EndProject
Global
	GlobalSection(SolutionConfigurationPlatforms) = preSolution
		Debug|Any CPU = Debug|Any CPU
		Release|Any CPU = Release|Any CPU
	EndGlobalSection
	GlobalSection(ProjectConfigurationPlatforms) = postSolution
		{DEA1C971-C54A-4E8D-897E-A462929D6232}.Debug|Any CPU.ActiveCfg = Debug|Any CPU
		{DEA1C971-C54A-4E8D-897E-A462929D6232}.Debug|Any CPU.Build.0 = Debug|Any CPU
		{DEA1C971-C54A-4E8D-897E-A462929D6232}.Release|Any CPU.ActiveCfg = Release|Any CPU
		{DEA1C971-C54A-4E8D-897E-A462929D6232}.Release|Any CPU.Build.0 = Release|Any CPU
	EndGlobalSection
	GlobalSection(SolutionProperties) = preSolution
		HideSolutionNode = FALSE
	EndGlobalSection
	GlobalSection(ExtensibilityGlobals) = postSolution
		SolutionGuid = {4D849099-37F6-4D86-BC54-81684D570BA8}
	EndGlobalSection
EndGlobal
