
Microsoft Visual Studio Solution File, Format Version 12.00
# Visual Studio Version 17
VisualStudioVersion = 17.1.32407.343
MinimumVisualStudioVersion = 10.0.40219.1
Project("{FAE04EC0-301F-11D3-BF4B-00C04F79EFBC}") = "Kilometrikustannukset", "Kilometrikustannukset\Kilometrikustannukset.csproj", "{DD0E3E94-B84F-4BEE-8D03-20BAE37BD62B}"
EndProject
Global
	GlobalSection(SolutionConfigurationPlatforms) = preSolution
		Debug|Any CPU = Debug|Any CPU
		Release|Any CPU = Release|Any CPU
	EndGlobalSection
	GlobalSection(ProjectConfigurationPlatforms) = postSolution
		{DD0E3E94-B84F-4BEE-8D03-20BAE37BD62B}.Debug|Any CPU.ActiveCfg = Debug|Any CPU
		{DD0E3E94-B84F-4BEE-8D03-20BAE37BD62B}.Debug|Any CPU.Build.0 = Debug|Any CPU
		{DD0E3E94-B84F-4BEE-8D03-20BAE37BD62B}.Release|Any CPU.ActiveCfg = Release|Any CPU
		{DD0E3E94-B84F-4BEE-8D03-20BAE37BD62B}.Release|Any CPU.Build.0 = Release|Any CPU
	EndGlobalSection
	GlobalSection(SolutionProperties) = preSolution
		HideSolutionNode = FALSE
	EndGlobalSection
	GlobalSection(ExtensibilityGlobals) = postSolution
		SolutionGuid = {ABA8008C-79B7-4839-90F2-8D6000D44FA8}
	EndGlobalSection
EndGlobal
