
Microsoft Visual Studio Solution File, Format Version 12.00
# Visual Studio Version 17
VisualStudioVersion = 17.1.32407.343
MinimumVisualStudioVersion = 10.0.40219.1
Project("{FAE04EC0-301F-11D3-BF4B-00C04F79EFBC}") = "Ajastin", "Ajastin\Ajastin.csproj", "{0883E06B-5CAF-4894-B24F-69B26845DF8B}"
EndProject
Global
	GlobalSection(SolutionConfigurationPlatforms) = preSolution
		Debug|Any CPU = Debug|Any CPU
		Release|Any CPU = Release|Any CPU
	EndGlobalSection
	GlobalSection(ProjectConfigurationPlatforms) = postSolution
		{0883E06B-5CAF-4894-B24F-69B26845DF8B}.Debug|Any CPU.ActiveCfg = Debug|Any CPU
		{0883E06B-5CAF-4894-B24F-69B26845DF8B}.Debug|Any CPU.Build.0 = Debug|Any CPU
		{0883E06B-5CAF-4894-B24F-69B26845DF8B}.Release|Any CPU.ActiveCfg = Release|Any CPU
		{0883E06B-5CAF-4894-B24F-69B26845DF8B}.Release|Any CPU.Build.0 = Release|Any CPU
	EndGlobalSection
	GlobalSection(SolutionProperties) = preSolution
		HideSolutionNode = FALSE
	EndGlobalSection
	GlobalSection(ExtensibilityGlobals) = postSolution
		SolutionGuid = {AEBC4D88-B5E9-4981-8458-10890C2260B1}
	EndGlobalSection
EndGlobal
