
Microsoft Visual Studio Solution File, Format Version 12.00
# Visual Studio Version 17
VisualStudioVersion = 17.1.32407.343
MinimumVisualStudioVersion = 10.0.40219.1
Project("{FAE04EC0-301F-11D3-BF4B-00C04F79EFBC}") = "Kysymyksiä", "Kysymyksiä\Kysymyksiä.csproj", "{89D86DCA-DF0E-4DCB-ACDF-37D0D277A46B}"
EndProject
Global
	GlobalSection(SolutionConfigurationPlatforms) = preSolution
		Debug|Any CPU = Debug|Any CPU
		Release|Any CPU = Release|Any CPU
	EndGlobalSection
	GlobalSection(ProjectConfigurationPlatforms) = postSolution
		{89D86DCA-DF0E-4DCB-ACDF-37D0D277A46B}.Debug|Any CPU.ActiveCfg = Debug|Any CPU
		{89D86DCA-DF0E-4DCB-ACDF-37D0D277A46B}.Debug|Any CPU.Build.0 = Debug|Any CPU
		{89D86DCA-DF0E-4DCB-ACDF-37D0D277A46B}.Release|Any CPU.ActiveCfg = Release|Any CPU
		{89D86DCA-DF0E-4DCB-ACDF-37D0D277A46B}.Release|Any CPU.Build.0 = Release|Any CPU
	EndGlobalSection
	GlobalSection(SolutionProperties) = preSolution
		HideSolutionNode = FALSE
	EndGlobalSection
	GlobalSection(ExtensibilityGlobals) = postSolution
		SolutionGuid = {FB44AD85-F9C4-48D2-91A2-E801F17C1B7B}
	EndGlobalSection
EndGlobal
