
Microsoft Visual Studio Solution File, Format Version 12.00
# Visual Studio Version 17
VisualStudioVersion = 17.1.32407.343
MinimumVisualStudioVersion = 10.0.40219.1
Project("{FAE04EC0-301F-11D3-BF4B-00C04F79EFBC}") = "Roomalaiset", "Roomalaiset\Roomalaiset.csproj", "{1BC20AE1-47C5-4093-8FD4-C01161A3F40C}"
EndProject
Global
	GlobalSection(SolutionConfigurationPlatforms) = preSolution
		Debug|Any CPU = Debug|Any CPU
		Release|Any CPU = Release|Any CPU
	EndGlobalSection
	GlobalSection(ProjectConfigurationPlatforms) = postSolution
		{1BC20AE1-47C5-4093-8FD4-C01161A3F40C}.Debug|Any CPU.ActiveCfg = Debug|Any CPU
		{1BC20AE1-47C5-4093-8FD4-C01161A3F40C}.Debug|Any CPU.Build.0 = Debug|Any CPU
		{1BC20AE1-47C5-4093-8FD4-C01161A3F40C}.Release|Any CPU.ActiveCfg = Release|Any CPU
		{1BC20AE1-47C5-4093-8FD4-C01161A3F40C}.Release|Any CPU.Build.0 = Release|Any CPU
	EndGlobalSection
	GlobalSection(SolutionProperties) = preSolution
		HideSolutionNode = FALSE
	EndGlobalSection
	GlobalSection(ExtensibilityGlobals) = postSolution
		SolutionGuid = {0896F79B-3B62-40E7-8E3E-DB73E5F66900}
	EndGlobalSection
EndGlobal
