
Microsoft Visual Studio Solution File, Format Version 12.00
# Visual Studio Version 17
VisualStudioVersion = 17.1.32407.343
MinimumVisualStudioVersion = 10.0.40219.1
Project("{FAE04EC0-301F-11D3-BF4B-00C04F79EFBC}") = "Noppa", "Noppa\Noppa.csproj", "{C16151E7-3953-4C45-93E2-9FD77A12EBBC}"
EndProject
Global
	GlobalSection(SolutionConfigurationPlatforms) = preSolution
		Debug|Any CPU = Debug|Any CPU
		Release|Any CPU = Release|Any CPU
	EndGlobalSection
	GlobalSection(ProjectConfigurationPlatforms) = postSolution
		{C16151E7-3953-4C45-93E2-9FD77A12EBBC}.Debug|Any CPU.ActiveCfg = Debug|Any CPU
		{C16151E7-3953-4C45-93E2-9FD77A12EBBC}.Debug|Any CPU.Build.0 = Debug|Any CPU
		{C16151E7-3953-4C45-93E2-9FD77A12EBBC}.Release|Any CPU.ActiveCfg = Release|Any CPU
		{C16151E7-3953-4C45-93E2-9FD77A12EBBC}.Release|Any CPU.Build.0 = Release|Any CPU
	EndGlobalSection
	GlobalSection(SolutionProperties) = preSolution
		HideSolutionNode = FALSE
	EndGlobalSection
	GlobalSection(ExtensibilityGlobals) = postSolution
		SolutionGuid = {7C07F2B4-EA10-4D92-A6CF-A148DF340F17}
	EndGlobalSection
EndGlobal
