
Microsoft Visual Studio Solution File, Format Version 12.00
# Visual Studio Version 17
VisualStudioVersion = 17.1.32407.343
MinimumVisualStudioVersion = 10.0.40219.1
Project("{FAE04EC0-301F-11D3-BF4B-00C04F79EFBC}") = "Sekuntikello", "Sekuntikello\Sekuntikello.csproj", "{74CD50E4-B8C7-4E69-AF81-EA9A84EE355D}"
EndProject
Global
	GlobalSection(SolutionConfigurationPlatforms) = preSolution
		Debug|Any CPU = Debug|Any CPU
		Release|Any CPU = Release|Any CPU
	EndGlobalSection
	GlobalSection(ProjectConfigurationPlatforms) = postSolution
		{74CD50E4-B8C7-4E69-AF81-EA9A84EE355D}.Debug|Any CPU.ActiveCfg = Debug|Any CPU
		{74CD50E4-B8C7-4E69-AF81-EA9A84EE355D}.Debug|Any CPU.Build.0 = Debug|Any CPU
		{74CD50E4-B8C7-4E69-AF81-EA9A84EE355D}.Release|Any CPU.ActiveCfg = Release|Any CPU
		{74CD50E4-B8C7-4E69-AF81-EA9A84EE355D}.Release|Any CPU.Build.0 = Release|Any CPU
	EndGlobalSection
	GlobalSection(SolutionProperties) = preSolution
		HideSolutionNode = FALSE
	EndGlobalSection
	GlobalSection(ExtensibilityGlobals) = postSolution
		SolutionGuid = {3512A21E-F381-4915-90EA-7661D56A127C}
	EndGlobalSection
EndGlobal
