
Microsoft Visual Studio Solution File, Format Version 12.00
# Visual Studio Version 17
VisualStudioVersion = 17.1.32407.343
MinimumVisualStudioVersion = 10.0.40219.1
Project("{FAE04EC0-301F-11D3-BF4B-00C04F79EFBC}") = "Laskin", "Laskin\Laskin.csproj", "{33B72CE3-33CD-4DCB-A731-9CB7D4BCF2D7}"
EndProject
Global
	GlobalSection(SolutionConfigurationPlatforms) = preSolution
		Debug|Any CPU = Debug|Any CPU
		Release|Any CPU = Release|Any CPU
	EndGlobalSection
	GlobalSection(ProjectConfigurationPlatforms) = postSolution
		{33B72CE3-33CD-4DCB-A731-9CB7D4BCF2D7}.Debug|Any CPU.ActiveCfg = Debug|Any CPU
		{33B72CE3-33CD-4DCB-A731-9CB7D4BCF2D7}.Debug|Any CPU.Build.0 = Debug|Any CPU
		{33B72CE3-33CD-4DCB-A731-9CB7D4BCF2D7}.Release|Any CPU.ActiveCfg = Release|Any CPU
		{33B72CE3-33CD-4DCB-A731-9CB7D4BCF2D7}.Release|Any CPU.Build.0 = Release|Any CPU
	EndGlobalSection
	GlobalSection(SolutionProperties) = preSolution
		HideSolutionNode = FALSE
	EndGlobalSection
	GlobalSection(ExtensibilityGlobals) = postSolution
		SolutionGuid = {E7149847-5726-4142-8557-F230354AF6F1}
	EndGlobalSection
EndGlobal
